
Microsoft Visual Studio Solution File, Format Version 12.00
# Visual Studio Version 17
VisualStudioVersion = 17.2.32519.379
MinimumVisualStudioVersion = 10.0.40219.1
Project("{FAE04EC0-301F-11D3-BF4B-00C04F79EFBC}") = "APIRamoSaude", "APIRamoSaude.csproj", "{B1DACBEC-B435-47C6-8327-93C01A898923}"
EndProject
Global
	GlobalSection(SolutionConfigurationPlatforms) = preSolution
		Debug|Any CPU = Debug|Any CPU
		Release|Any CPU = Release|Any CPU
	EndGlobalSection
	GlobalSection(ProjectConfigurationPlatforms) = postSolution
		{B1DACBEC-B435-47C6-8327-93C01A898923}.Debug|Any CPU.ActiveCfg = Debug|Any CPU
		{B1DACBEC-B435-47C6-8327-93C01A898923}.Debug|Any CPU.Build.0 = Debug|Any CPU
		{B1DACBEC-B435-47C6-8327-93C01A898923}.Release|Any CPU.ActiveCfg = Release|Any CPU
		{B1DACBEC-B435-47C6-8327-93C01A898923}.Release|Any CPU.Build.0 = Release|Any CPU
	EndGlobalSection
	GlobalSection(SolutionProperties) = preSolution
		HideSolutionNode = FALSE
	EndGlobalSection
	GlobalSection(ExtensibilityGlobals) = postSolution
		SolutionGuid = {09BDBFCF-3148-4B45-82F8-BE352C01C545}
	EndGlobalSection
EndGlobal
